<?xml version="1.0" encoding="utf-8"?>
<Project ToolsVersion="4.0" xmlns="http://schemas.microsoft.com/developer/msbuild/2003">
  <ItemGroup>
    <Filter Include="Source Files">
      <UniqueIdentifier>{4FC737F1-C7A5-4376-A066-2A32D752A2FF}</UniqueIdentifier>
      <Extensions>cpp;c;cc;cxx;c++;cppm;ixx;def;odl;idl;hpj;bat;asm;asmx</Extensions>
    </Filter>
    <Filter Include="tests">
      <UniqueIdentifier>{f69b4caa-077a-44fa-bd79-2919a142e9b7}</UniqueIdentifier>
    </Filter>
  </ItemGroup>
  <ItemGroup>
    <ClCompile Include="src\ASTNode.cpp">
      <Filter>Source Files</Filter>
    </ClCompile>
    <ClCompile Include="src\oli.cpp">
      <Filter>Source Files</Filter>
    </ClCompile>
    <ClCompile Include="src\OliEngine.cpp">
      <Filter>Source Files</Filter>
    </ClCompile>
    <ClCompile Include="src\OliExpressionParser.cpp">
      <Filter>Source Files</Filter>
    </ClCompile>
    <ClCompile Include="src\ConsoleManager.cpp">
      <Filter>Source Files</Filter>
    </ClCompile>
    <ClCompile Include="src\stringUtils.cpp">
      <Filter>Source Files</Filter>
    </ClCompile>
    <ClCompile Include="src\vApp.cpp">
      <Filter>Source Files</Filter>
    </ClCompile>
    <ClCompile Include="src\vShell.cpp">
      <Filter>Source Files</Filter>
    </ClCompile>
    <ClCompile Include="src\vmath.cpp">
      <Filter>Source Files</Filter>
    </ClCompile>
  </ItemGroup>
  <ItemGroup>
    <ClInclude Include="src\ASTNode.hpp">
      <Filter>Source Files</Filter>
    </ClInclude>
    <ClInclude Include="src\OliCommandParser.hpp">
      <Filter>Source Files</Filter>
    </ClInclude>
    <ClInclude Include="src\OliEngine.hpp">
      <Filter>Source Files</Filter>
    </ClInclude>
    <ClInclude Include="src\OliExpressionParser.hpp">
      <Filter>Source Files</Filter>
    </ClInclude>
    <ClInclude Include="src\OliKeyWords.hpp">
      <Filter>Source Files</Filter>
    </ClInclude>
    <ClInclude Include="src\ConsoleManager.hpp">
      <Filter>Source Files</Filter>
    </ClInclude>
    <ClInclude Include="src\IShellEngine.hpp">
      <Filter>Source Files</Filter>
    </ClInclude>
    <ClInclude Include="src\vApp.hpp">
      <Filter>Source Files</Filter>
    </ClInclude>
    <ClInclude Include="src\vShell.hpp">
      <Filter>Source Files</Filter>
    </ClInclude>
    <ClInclude Include="src\stringUtils.hpp">
      <Filter>Source Files</Filter>
    </ClInclude>
    <ClInclude Include="src\vmath.hpp">
      <Filter>Source Files</Filter>
    </ClInclude>
  </ItemGroup>
  <ItemGroup>
    <None Include="tests\factorial.oli">
      <Filter>tests</Filter>
    </None>
    <None Include="tests\fibonaci.oli">
      <Filter>tests</Filter>
    </None>
    <None Include="tests\ghici.oli">
      <Filter>tests</Filter>
    </None>
    <None Include="tests\ghicitoare.oli">
      <Filter>tests</Filter>
    </None>
    <None Include="tests\sort_string.oli">
      <Filter>tests</Filter>
    </None>
    <None Include="tests\sortare.oli">
      <Filter>tests</Filter>
    </None>
    <None Include="tests\test_bit_op.oli">
      <Filter>tests</Filter>
    </None>
    <None Include="tests\test_db.oli">
      <Filter>tests</Filter>
    </None>
    <None Include="tests\test_fact.oli">
      <Filter>tests</Filter>
    </None>
    <None Include="tests\test_fs.oli">
      <Filter>tests</Filter>
    </None>
    <None Include="tests\test_math.oli">
      <Filter>tests</Filter>
    </None>
  </ItemGroup>
</Project>