<Solution>
  <Configurations>
    <Platform Name="x64" />
    <Platform Name="x86" />
  </Configurations>
  <Project Path="oli.vcxproj" Id="2e51f6fe-b330-409c-9b8e-381b68ec44de">
    <BuildDependency Project="oli_plugin/oli_plugin.vcxproj" />
    <BuildDependency Project="src/plugins/oli_canvas/oli_canvas.vcxproj" />
    <BuildDependency Project="src/plugins/oli_console/oli_console.vcxproj" />
    <BuildDependency Project="src/plugins/oli_fract/oli_fract.vcxproj" />
    <BuildDependency Project="src/plugins/oli_sprites/oli_sprites.vcxproj" />
  </Project>
  <Project Path="oli_plugin/oli_plugin.vcxproj" Id="8dfb8d97-48be-4b42-9311-053336ef4f09" />
  <Project Path="src/plugins/oli_canvas/oli_canvas.vcxproj" Id="586ac153-8b56-48b5-9953-e550df43d7e9" />
  <Project Path="src/plugins/oli_console/oli_console.vcxproj" Id="667a2d5d-2b53-4297-88bd-97850201466c" />
  <Project Path="src/plugins/oli_fract/oli_fract.vcxproj" Id="14b154fd-4712-447d-8939-a493f24879f5" />
  <Project Path="src/plugins/oli_power/oli_power.vcxproj" Id="b69af423-a4fa-4c89-8926-baff02140893" />
  <Project Path="src/plugins/oli_sprites/oli_sprites.vcxproj" Id="5261e6c7-1fa5-4f3b-ba0e-8aa359d2cfdb" />
</Solution>
