<?xml version="1.0" encoding="utf-8"?>
<Project ToolsVersion="4.0" xmlns="http://schemas.microsoft.com/developer/msbuild/2003">
  <ItemGroup>
    <Filter Include="Source Files">
      <UniqueIdentifier>{4FC737F1-C7A5-4376-A066-2A32D752A2FF}</UniqueIdentifier>
      <Extensions>cpp;c;cc;cxx;c++;cppm;ixx;def;odl;idl;hpj;bat;asm;asmx</Extensions>
    </Filter>
    <Filter Include="Resource Files">
      <UniqueIdentifier>{67DA6AB6-F800-4c08-8B7A-83BB121AAD01}</UniqueIdentifier>
      <Extensions>rc;ico;cur;bmp;dlg;rc2;rct;bin;rgs;gif;jpg;jpeg;jpe;resx;tiff;tif;png;wav;mfcribbon-ms</Extensions>
    </Filter>
    <Filter Include="Source Files\Layouts">
      <UniqueIdentifier>{7d7735f4-e888-4617-a5f8-823ea3845d6f}</UniqueIdentifier>
    </Filter>
  </ItemGroup>
  <ItemGroup>
    <ClCompile Include="oli_winui.cpp">
      <Filter>Source Files</Filter>
    </ClCompile>
    <ClCompile Include="ControlIdManager.cpp">
      <Filter>Source Files</Filter>
    </ClCompile>
    <ClCompile Include="EventDispatcher.cpp">
      <Filter>Source Files</Filter>
    </ClCompile>
    <ClCompile Include="FontManager.cpp">
      <Filter>Source Files</Filter>
    </ClCompile>
    <ClCompile Include="stringUtils.cpp">
      <Filter>Source Files</Filter>
    </ClCompile>
    <ClCompile Include="vApp.cpp">
      <Filter>Source Files</Filter>
    </ClCompile>
    <ClCompile Include="vButton.cpp">
      <Filter>Source Files</Filter>
    </ClCompile>
    <ClCompile Include="vContainer.cpp">
      <Filter>Source Files</Filter>
    </ClCompile>
    <ClCompile Include="vControl.cpp">
      <Filter>Source Files</Filter>
    </ClCompile>
    <ClCompile Include="vLabel.cpp">
      <Filter>Source Files</Filter>
    </ClCompile>
    <ClCompile Include="vMenu.cpp">
      <Filter>Source Files</Filter>
    </ClCompile>
    <ClCompile Include="vPanel.cpp">
      <Filter>Source Files</Filter>
    </ClCompile>
    <ClCompile Include="vWindow.cpp">
      <Filter>Source Files</Filter>
    </ClCompile>
    <ClCompile Include="WindowManager.cpp">
      <Filter>Source Files</Filter>
    </ClCompile>
    <ClCompile Include="IconManager.cpp">
      <Filter>Source Files</Filter>
    </ClCompile>
    <ClCompile Include="TooltipManager.cpp">
      <Filter>Source Files</Filter>
    </ClCompile>
    <ClCompile Include="vSeparator.cpp">
      <Filter>Source Files</Filter>
    </ClCompile>
    <ClCompile Include="vSpacer.cpp">
      <Filter>Source Files</Filter>
    </ClCompile>
    <ClCompile Include="vComboBox.cpp">
      <Filter>Source Files</Filter>
    </ClCompile>
    <ClCompile Include="vGrid.cpp">
      <Filter>Source Files</Filter>
    </ClCompile>
    <ClCompile Include="vEdit.cpp">
      <Filter>Source Files</Filter>
    </ClCompile>
    <ClCompile Include="vCodeView.cpp">
      <Filter>Source Files</Filter>
    </ClCompile>
    <ClCompile Include="vRichEdit.cpp">
      <Filter>Source Files</Filter>
    </ClCompile>
    <ClCompile Include="CodeLexer.cpp">
      <Filter>Source Files</Filter>
    </ClCompile>
    <ClCompile Include="pugixml-1.15\src\pugixml.cpp">
      <Filter>Source Files</Filter>
    </ClCompile>
    <ClCompile Include="vTabControl.cpp">
      <Filter>Source Files</Filter>
    </ClCompile>
    <ClCompile Include="..\..\ConsoleManager.cpp">
      <Filter>Source Files</Filter>
    </ClCompile>
  </ItemGroup>
  <ItemGroup>
    <ClInclude Include="ControlIdManager.hpp">
      <Filter>Source Files</Filter>
    </ClInclude>
    <ClInclude Include="EventDispatcher.hpp">
      <Filter>Source Files</Filter>
    </ClInclude>
    <ClInclude Include="FontManager.hpp">
      <Filter>Source Files</Filter>
    </ClInclude>
    <ClInclude Include="IconManager.hpp">
      <Filter>Source Files</Filter>
    </ClInclude>
    <ClInclude Include="ILayoutStrategy.hpp">
      <Filter>Source Files</Filter>
    </ClInclude>
    <ClInclude Include="stringUtils.hpp">
      <Filter>Source Files</Filter>
    </ClInclude>
    <ClInclude Include="TooltipManager.hpp">
      <Filter>Source Files</Filter>
    </ClInclude>
    <ClInclude Include="vApp.hpp">
      <Filter>Source Files</Filter>
    </ClInclude>
    <ClInclude Include="vButton.hpp">
      <Filter>Source Files</Filter>
    </ClInclude>
    <ClInclude Include="vCodeView.hpp">
      <Filter>Source Files</Filter>
    </ClInclude>
    <ClInclude Include="vComboBox.hpp">
      <Filter>Source Files</Filter>
    </ClInclude>
    <ClInclude Include="vContainer.hpp">
      <Filter>Source Files</Filter>
    </ClInclude>
    <ClInclude Include="vControl.hpp">
      <Filter>Source Files</Filter>
    </ClInclude>
    <ClInclude Include="vEdit.hpp">
      <Filter>Source Files</Filter>
    </ClInclude>
    <ClInclude Include="vGrid.hpp">
      <Filter>Source Files</Filter>
    </ClInclude>
    <ClInclude Include="vLabel.hpp">
      <Filter>Source Files</Filter>
    </ClInclude>
    <ClInclude Include="vMenu.hpp">
      <Filter>Source Files</Filter>
    </ClInclude>
    <ClInclude Include="vPanel.hpp">
      <Filter>Source Files</Filter>
    </ClInclude>
    <ClInclude Include="vPopupMenu.hpp">
      <Filter>Source Files</Filter>
    </ClInclude>
    <ClInclude Include="vRichEdit.hpp">
      <Filter>Source Files</Filter>
    </ClInclude>
    <ClInclude Include="vSeparator.hpp">
      <Filter>Source Files</Filter>
    </ClInclude>
    <ClInclude Include="vSpacer.hpp">
      <Filter>Source Files</Filter>
    </ClInclude>
    <ClInclude Include="vWindow.hpp">
      <Filter>Source Files</Filter>
    </ClInclude>
    <ClInclude Include="WindowManager.hpp">
      <Filter>Source Files</Filter>
    </ClInclude>
    <ClInclude Include="Layouts\AnchorLayout.hpp">
      <Filter>Source Files\Layouts</Filter>
    </ClInclude>
    <ClInclude Include="Layouts\FlexStackLayout.hpp">
      <Filter>Source Files\Layouts</Filter>
    </ClInclude>
    <ClInclude Include="Layouts\FlowLayout.hpp">
      <Filter>Source Files\Layouts</Filter>
    </ClInclude>
    <ClInclude Include="Layouts\FormLayout.hpp">
      <Filter>Source Files\Layouts</Filter>
    </ClInclude>
    <ClInclude Include="Layouts\GridLayout.hpp">
      <Filter>Source Files\Layouts</Filter>
    </ClInclude>
    <ClInclude Include="Layouts\HorizontalPercentStackLayout.hpp">
      <Filter>Source Files\Layouts</Filter>
    </ClInclude>
    <ClInclude Include="Layouts\Layouts.hpp">
      <Filter>Source Files\Layouts</Filter>
    </ClInclude>
    <ClInclude Include="Layouts\VerticalPercentStackLayout.hpp">
      <Filter>Source Files\Layouts</Filter>
    </ClInclude>
    <ClInclude Include="Layouts\VerticalStackLayout.hpp">
      <Filter>Source Files\Layouts</Filter>
    </ClInclude>
    <ClInclude Include="Layouts\XmlDlgAnchorLayout.hpp">
      <Filter>Source Files\Layouts</Filter>
    </ClInclude>
    <ClInclude Include="CodeLexer.hpp">
      <Filter>Source Files</Filter>
    </ClInclude>
    <ClInclude Include="XmlCache.hpp">
      <Filter>Source Files</Filter>
    </ClInclude>
    <ClInclude Include="pugixml-1.15\src\pugiconfig.hpp">
      <Filter>Source Files</Filter>
    </ClInclude>
    <ClInclude Include="pugixml-1.15\src\pugixml.hpp">
      <Filter>Source Files</Filter>
    </ClInclude>
    <ClInclude Include="vTabControl.hpp">
      <Filter>Source Files</Filter>
    </ClInclude>
    <ClInclude Include="..\..\ConsoleManager.hpp">
      <Filter>Source Files</Filter>
    </ClInclude>
  </ItemGroup>
</Project>