<?xml version="1.0" encoding="utf-8"?>
<Project ToolsVersion="4.0" xmlns="http://schemas.microsoft.com/developer/msbuild/2003">
  <ItemGroup>
    <Filter Include="Source Files">
      <UniqueIdentifier>{4FC737F1-C7A5-4376-A066-2A32D752A2FF}</UniqueIdentifier>
      <Extensions>cpp;c;cc;cxx;c++;cppm;ixx;def;odl;idl;hpj;bat;asm;asmx</Extensions>
    </Filter>
    <Filter Include="Header Files">
      <UniqueIdentifier>{93995380-89BD-4b04-88EB-625FBE52EBFB}</UniqueIdentifier>
      <Extensions>h;hh;hpp;hxx;h++;hm;inl;inc;ipp;xsd</Extensions>
    </Filter>
    <Filter Include="Resource Files">
      <UniqueIdentifier>{67DA6AB6-F800-4c08-8B7A-83BB121AAD01}</UniqueIdentifier>
      <Extensions>rc;ico;cur;bmp;dlg;rc2;rct;bin;rgs;gif;jpg;jpeg;jpe;resx;tiff;tif;png;wav;mfcribbon-ms</Extensions>
    </Filter>
  </ItemGroup>
  <ItemGroup>
    <ClCompile Include="oli_winui.cpp">
      <Filter>Source Files</Filter>
    </ClCompile>
    <ClCompile Include="ConsoleManager.cpp">
      <Filter>Source Files</Filter>
    </ClCompile>
    <ClCompile Include="ControlIdManager.cpp">
      <Filter>Source Files</Filter>
    </ClCompile>
    <ClCompile Include="EventDispatcher.cpp">
      <Filter>Source Files</Filter>
    </ClCompile>
    <ClCompile Include="FontManager.cpp">
      <Filter>Source Files</Filter>
    </ClCompile>
    <ClCompile Include="stringUtils.cpp">
      <Filter>Source Files</Filter>
    </ClCompile>
    <ClCompile Include="vApp.cpp">
      <Filter>Source Files</Filter>
    </ClCompile>
    <ClCompile Include="vButton.cpp">
      <Filter>Source Files</Filter>
    </ClCompile>
    <ClCompile Include="vContainer.cpp">
      <Filter>Source Files</Filter>
    </ClCompile>
    <ClCompile Include="vControl.cpp">
      <Filter>Source Files</Filter>
    </ClCompile>
    <ClCompile Include="vLabel.cpp">
      <Filter>Source Files</Filter>
    </ClCompile>
    <ClCompile Include="vMenu.cpp">
      <Filter>Source Files</Filter>
    </ClCompile>
    <ClCompile Include="vPanel.cpp">
      <Filter>Source Files</Filter>
    </ClCompile>
    <ClCompile Include="vWindow.cpp">
      <Filter>Source Files</Filter>
    </ClCompile>
    <ClCompile Include="WindowManager.cpp">
      <Filter>Source Files</Filter>
    </ClCompile>
    <ClCompile Include="IconManager.cpp">
      <Filter>Source Files</Filter>
    </ClCompile>
    <ClCompile Include="TooltipManager.cpp">
      <Filter>Source Files</Filter>
    </ClCompile>
    <ClCompile Include="vSeparator.cpp">
      <Filter>Source Files</Filter>
    </ClCompile>
    <ClCompile Include="vSpacer.cpp">
      <Filter>Source Files</Filter>
    </ClCompile>
    <ClCompile Include="vComboBox.cpp">
      <Filter>Source Files</Filter>
    </ClCompile>
    <ClCompile Include="vGrid.cpp">
      <Filter>Source Files</Filter>
    </ClCompile>
    <ClCompile Include="vEdit.cpp">
      <Filter>Source Files</Filter>
    </ClCompile>
    <ClCompile Include="vCodeView.cpp">
      <Filter>Source Files</Filter>
    </ClCompile>
    <ClCompile Include="vRichEdit.cpp">
      <Filter>Source Files</Filter>
    </ClCompile>
  </ItemGroup>
  <ItemGroup>
    <ClInclude Include="ConsoleManager.hpp">
      <Filter>Header Files</Filter>
    </ClInclude>
    <ClInclude Include="ControlIdManager.hpp">
      <Filter>Header Files</Filter>
    </ClInclude>
    <ClInclude Include="EventDispatcher.hpp">
      <Filter>Header Files</Filter>
    </ClInclude>
    <ClInclude Include="FontManager.hpp">
      <Filter>Header Files</Filter>
    </ClInclude>
    <ClInclude Include="ILayoutStrategy.hpp">
      <Filter>Header Files</Filter>
    </ClInclude>
    <ClInclude Include="stringUtils.hpp">
      <Filter>Header Files</Filter>
    </ClInclude>
    <ClInclude Include="vApp.hpp">
      <Filter>Header Files</Filter>
    </ClInclude>
    <ClInclude Include="vButton.hpp">
      <Filter>Header Files</Filter>
    </ClInclude>
    <ClInclude Include="vContainer.hpp">
      <Filter>Header Files</Filter>
    </ClInclude>
    <ClInclude Include="vControl.hpp">
      <Filter>Header Files</Filter>
    </ClInclude>
    <ClInclude Include="vLabel.hpp">
      <Filter>Header Files</Filter>
    </ClInclude>
    <ClInclude Include="vMenu.hpp">
      <Filter>Header Files</Filter>
    </ClInclude>
    <ClInclude Include="vPanel.hpp">
      <Filter>Header Files</Filter>
    </ClInclude>
    <ClInclude Include="vWindow.hpp">
      <Filter>Header Files</Filter>
    </ClInclude>
    <ClInclude Include="WindowManager.hpp">
      <Filter>Header Files</Filter>
    </ClInclude>
    <ClInclude Include="IconManager.hpp">
      <Filter>Header Files</Filter>
    </ClInclude>
    <ClInclude Include="TooltipManager.hpp">
      <Filter>Header Files</Filter>
    </ClInclude>
    <ClInclude Include="vSeparator.hpp">
      <Filter>Header Files</Filter>
    </ClInclude>
    <ClInclude Include="vSpacer.hpp">
      <Filter>Header Files</Filter>
    </ClInclude>
    <ClInclude Include="vComboBox.hpp">
      <Filter>Header Files</Filter>
    </ClInclude>
    <ClInclude Include="vGrid.hpp">
      <Filter>Header Files</Filter>
    </ClInclude>
    <ClInclude Include="vPopupMenu.hpp">
      <Filter>Header Files</Filter>
    </ClInclude>
    <ClInclude Include="vEdit.hpp">
      <Filter>Header Files</Filter>
    </ClInclude>
    <ClInclude Include="vCodeView.hpp">
      <Filter>Header Files</Filter>
    </ClInclude>
    <ClInclude Include="vRichEdit.hpp">
      <Filter>Header Files</Filter>
    </ClInclude>
  </ItemGroup>
</Project>